
Microsoft Visual Studio Solution File, Format Version 12.00
# Visual Studio Version 16
VisualStudioVersion = 16.0.31321.278
MinimumVisualStudioVersion = 10.0.40219.1
Project("{FAE04EC0-301F-11D3-BF4B-00C04F79EFBC}") = "Autogermana.Domain", "src\Autogermana.Domain\Autogermana.Domain.csproj", "{5C00B684-2C17-435F-93DE-999C316107A2}"
EndProject
Project("{FAE04EC0-301F-11D3-BF4B-00C04F79EFBC}") = "Autogermana.Application", "src\Autogermana.Application\Autogermana.Application.csproj", "{54B90D5B-BBEF-422E-A153-E4D44EEB874F}"
EndProject
Project("{FAE04EC0-301F-11D3-BF4B-00C04F79EFBC}") = "Autogermana.Infrastructure", "src\Autogermana.Infrastructure\Autogermana.Infrastructure.csproj", "{71570539-A712-4B2B-BF58-30359418E2A0}"
EndProject
Project("{FAE04EC0-301F-11D3-BF4B-00C04F79EFBC}") = "Autogermana.Web", "src\Autogermana.Web\Autogermana.Web.csproj", "{A7E000C8-2D2F-4060-80C4-AB40E02D67E7}"
EndProject
Global
	GlobalSection(SolutionConfigurationPlatforms) = preSolution
		Debug|Any CPU = Debug|Any CPU
		Release|Any CPU = Release|Any CPU
	EndGlobalSection
	GlobalSection(ProjectConfigurationPlatforms) = postSolution
		{5C00B684-2C17-435F-93DE-999C316107A2}.Debug|Any CPU.ActiveCfg = Debug|Any CPU
		{5C00B684-2C17-435F-93DE-999C316107A2}.Debug|Any CPU.Build.0 = Debug|Any CPU
		{5C00B684-2C17-435F-93DE-999C316107A2}.Release|Any CPU.ActiveCfg = Release|Any CPU
		{5C00B684-2C17-435F-93DE-999C316107A2}.Release|Any CPU.Build.0 = Release|Any CPU
		{54B90D5B-BBEF-422E-A153-E4D44EEB874F}.Debug|Any CPU.ActiveCfg = Debug|Any CPU
		{54B90D5B-BBEF-422E-A153-E4D44EEB874F}.Debug|Any CPU.Build.0 = Debug|Any CPU
		{54B90D5B-BBEF-422E-A153-E4D44EEB874F}.Release|Any CPU.ActiveCfg = Release|Any CPU
		{54B90D5B-BBEF-422E-A153-E4D44EEB874F}.Release|Any CPU.Build.0 = Release|Any CPU
		{71570539-A712-4B2B-BF58-30359418E2A0}.Debug|Any CPU.ActiveCfg = Debug|Any CPU
		{71570539-A712-4B2B-BF58-30359418E2A0}.Debug|Any CPU.Build.0 = Debug|Any CPU
		{71570539-A712-4B2B-BF58-30359418E2A0}.Release|Any CPU.ActiveCfg = Release|Any CPU
		{71570539-A712-4B2B-BF58-30359418E2A0}.Release|Any CPU.Build.0 = Release|Any CPU
		{A7E000C8-2D2F-4060-80C4-AB40E02D67E7}.Debug|Any CPU.ActiveCfg = Debug|Any CPU
		{A7E000C8-2D2F-4060-80C4-AB40E02D67E7}.Debug|Any CPU.Build.0 = Debug|Any CPU
		{A7E000C8-2D2F-4060-80C4-AB40E02D67E7}.Release|Any CPU.ActiveCfg = Release|Any CPU
		{A7E000C8-2D2F-4060-80C4-AB40E02D67E7}.Release|Any CPU.Build.0 = Release|Any CPU
	EndGlobalSection
	GlobalSection(SolutionProperties) = preSolution
		HideSolutionNode = FALSE
	EndGlobalSection
	GlobalSection(ExtensibilityGlobals) = postSolution
		SolutionGuid = {CE109546-53A6-4EEF-A7DB-FC954895187F}
	EndGlobalSection
EndGlobal
